// !$*UTF8*$!
{
	archiveVersion = 1;
	classes = {
	};
	objectVersion = 46;
	objects = {

/* Begin PBXBuildFile section */
		3E4B1C721BA7A8DD0059268E /* AppDelegate.swift in Sources */ = {isa = PBXBuildFile; fileRef = 3E4B1C711BA7A8DD0059268E /* AppDelegate.swift */; };
		3E4B1C741BA7A8DD0059268E /* ViewController.swift in Sources */ = {isa = PBXBuildFile; fileRef = 3E4B1C731BA7A8DD0059268E /* ViewController.swift */; };
		3E4B1C771BA7A8DD0059268E /* Main.storyboard in Resources */ = {isa = PBXBuildFile; fileRef = 3E4B1C751BA7A8DD0059268E /* Main.storyboard */; };
		3E4B1C791BA7A8DD0059268E /* Images.xcassets in Resources */ = {isa = PBXBuildFile; fileRef = 3E4B1C781BA7A8DD0059268E /* Images.xcassets */; };
		3E4B1C7C1BA7A8DD0059268E /* LaunchScreen.xib in Resources */ = {isa = PBXBuildFile; fileRef = 3E4B1C7A1BA7A8DD0059268E /* LaunchScreen.xib */; };
		3E4B1C881BA7A8DD0059268E /* Assignment1Tests.swift in Sources */ = {isa = PBXBuildFile; fileRef = 3E4B1C871BA7A8DD0059268E /* Assignment1Tests.swift */; };
/* End PBXBuildFile section */

/* Begin PBXContainerItemProxy section */
		3E4B1C821BA7A8DD0059268E /* PBXContainerItemProxy */ = {
			isa = PBXContainerItemProxy;
			containerPortal = 3E4B1C641BA7A8DD0059268E /* Project object */;
			proxyType = 1;
			remoteGlobalIDString = 3E4B1C6B1BA7A8DD0059268E;
			remoteInfo = Assignment1;
		};
/* End PBXContainerItemProxy section */

/* Begin PBXFileReference section */
		3E4B1C6C1BA7A8DD0059268E /* Assignment1.app */ = {isa = PBXFileReference; explicitFileType = wrapper.application; includeInIndex = 0; path = Assignment1.app; sourceTree = BUILT_PRODUCTS_DIR; };
		3E4B1C701BA7A8DD0059268E /* Info.plist */ = {isa = PBXFileReference; lastKnownFileType = text.plist.xml; path = Info.plist; sourceTree = "<group>"; };
		3E4B1C711BA7A8DD0059268E /* AppDelegate.swift */ = {isa = PBXFileReference; lastKnownFileType = sourcecode.swift; path = AppDelegate.swift; sourceTree = "<group>"; };
		3E4B1C731BA7A8DD0059268E /* ViewController.swift */ = {isa = PBXFileReference; lastKnownFileType = sourcecode.swift; path = ViewController.swift; sourceTree = "<group>"; };
		3E4B1C761BA7A8DD0059268E /* Base */ = {isa = PBXFileReference; lastKnownFileType = file.storyboard; name = Base; path = Base.lproj/Main.storyboard; sourceTree = "<group>"; };
		3E4B1C781BA7A8DD0059268E /* Images.xcassets */ = {isa = PBXFileReference; lastKnownFileType = folder.assetcatalog; path = Images.xcassets; sourceTree = "<group>"; };
		3E4B1C7B1BA7A8DD0059268E /* Base */ = {isa = PBXFileReference; lastKnownFileType = file.xib; name = Base; path = Base.lproj/LaunchScreen.xib; sourceTree = "<group>"; };
		3E4B1C811BA7A8DD0059268E /* Assignment1Tests.xctest */ = {isa = PBXFileReference; explicitFileType = wrapper.cfbundle; includeInIndex = 0; path = Assignment1Tests.xctest; sourceTree = BUILT_PRODUCTS_DIR; };
		3E4B1C861BA7A8DD0059268E /* Info.plist */ = {isa = PBXFileReference; lastKnownFileType = text.plist.xml; path = Info.plist; sourceTree = "<group>"; };
		3E4B1C871BA7A8DD0059268E /* Assignment1Tests.swift */ = {isa = PBXFileReference; lastKnownFileType = sourcecode.swift; path = Assignment1Tests.swift; sourceTree = "<group>"; };
/* End PBXFileReference section */

/* Begin PBXFrameworksBuildPhase section */
		3E4B1C691BA7A8DD0059268E /* Frameworks */ = {
			isa = PBXFrameworksBuildPhase;
			buildActionMask = 2147483647;
			files = (
			);
			runOnlyForDeploymentPostprocessing = 0;
		};
		3E4B1C7E1BA7A8DD0059268E /* Frameworks */ = {
			isa = PBXFrameworksBuildPhase;
			buildActionMask = 2147483647;
			files = (
			);
			runOnlyForDeploymentPostprocessing = 0;
		};
/* End PBXFrameworksBuildPhase section */

/* Begin PBXGroup section */
		3E4B1C631BA7A8DD0059268E = {
			isa = PBXGroup;
			children = (
				3E4B1C6E1BA7A8DD0059268E /* Assignment1 */,
				3E4B1C841BA7A8DD0059268E /* Assignment1Tests */,
				3E4B1C6D1BA7A8DD0059268E /* Products */,
			);
			sourceTree = "<group>";
		};
		3E4B1C6D1BA7A8DD0059268E /* Products */ = {
			isa = PBXGroup;
			children = (
				3E4B1C6C1BA7A8DD0059268E /* Assignment1.app */,
				3E4B1C811BA7A8DD0059268E /* Assignment1Tests.xctest */,
			);
			name = Products;
			sourceTree = "<group>";
		};
		3E4B1C6E1BA7A8DD0059268E /* Assignment1 */ = {
			isa = PBXGroup;
			children = (
				3E4B1C711BA7A8DD0059268E /* AppDelegate.swift */,
				3E4B1C731BA7A8DD0059268E /* ViewController.swift */,
				3E4B1C751BA7A8DD0059268E /* Main.storyboard */,
				3E4B1C781BA7A8DD0059268E /* Images.xcassets */,
				3E4B1C7A1BA7A8DD0059268E /* LaunchScreen.xib */,
				3E4B1C6F1BA7A8DD0059268E /* Supporting Files */,
			);
			path = Assignment1;
			sourceTree = "<group>";
		};
		3E4B1C6F1BA7A8DD0059268E /* Supporting Files */ = {
			isa = PBXGroup;
			children = (
				3E4B1C701BA7A8DD0059268E /* Info.plist */,
			);
			name = "Supporting Files";
			sourceTree = "<group>";
		};
		3E4B1C841BA7A8DD0059268E /* Assignment1Tests */ = {
			isa = PBXGroup;
			children = (
				3E4B1C871BA7A8DD0059268E /* Assignment1Tests.swift */,
				3E4B1C851BA7A8DD0059268E /* Supporting Files */,
			);
			path = Assignment1Tests;
			sourceTree = "<group>";
		};
		3E4B1C851BA7A8DD0059268E /* Supporting Files */ = {
			isa = PBXGroup;
			children = (
				3E4B1C861BA7A8DD0059268E /* Info.plist */,
			);
			name = "Supporting Files";
			sourceTree = "<group>";
		};
/* End PBXGroup section */

/* Begin PBXNativeTarget section */
		3E4B1C6B1BA7A8DD0059268E /* Assignment1 */ = {
			isa = PBXNativeTarget;
			buildConfigurationList = 3E4B1C8B1BA7A8DD0059268E /* Build configuration list for PBXNativeTarget "Assignment1" */;
			buildPhases = (
				3E4B1C681BA7A8DD0059268E /* Sources */,
				3E4B1C691BA7A8DD0059268E /* Frameworks */,
				3E4B1C6A1BA7A8DD0059268E /* Resources */,
			);
			buildRules = (
			);
			dependencies = (
			);
			name = Assignment1;
			productName = Assignment1;
			productReference = 3E4B1C6C1BA7A8DD0059268E /* Assignment1.app */;
			productType = "com.apple.product-type.application";
		};
		3E4B1C801BA7A8DD0059268E /* Assignment1Tests */ = {
			isa = PBXNativeTarget;
			buildConfigurationList = 3E4B1C8E1BA7A8DD0059268E /* Build configuration list for PBXNativeTarget "Assignment1Tests" */;
			buildPhases = (
				3E4B1C7D1BA7A8DD0059268E /* Sources */,
				3E4B1C7E1BA7A8DD0059268E /* Frameworks */,
				3E4B1C7F1BA7A8DD0059268E /* Resources */,
			);
			buildRules = (
			);
			dependencies = (
				3E4B1C831BA7A8DD0059268E /* PBXTargetDependency */,
			);
			name = Assignment1Tests;
			productName = Assignment1Tests;
			productReference = 3E4B1C811BA7A8DD0059268E /* Assignment1Tests.xctest */;
			productType = "com.apple.product-type.bundle.unit-test";
		};
/* End PBXNativeTarget section */

/* Begin PBXProject section */
		3E4B1C641BA7A8DD0059268E /* Project object */ = {
			isa = PBXProject;
			attributes = {
				LastUpgradeCheck = 0630;
				ORGANIZATIONNAME = "___kayceeAcollins___";
				TargetAttributes = {
					3E4B1C6B1BA7A8DD0059268E = {
						CreatedOnToolsVersion = 6.3.2;
					};
					3E4B1C801BA7A8DD0059268E = {
						CreatedOnToolsVersion = 6.3.2;
						TestTargetID = 3E4B1C6B1BA7A8DD0059268E;
					};
				};
			};
			buildConfigurationList = 3E4B1C671BA7A8DD0059268E /* Build configuration list for PBXProject "Assignment1" */;
			compatibilityVersion = "Xcode 3.2";
			developmentRegion = English;
			hasScannedForEncodings = 0;
			knownRegions = (
				en,
				Base,
			);
			mainGroup = 3E4B1C631BA7A8DD0059268E;
			productRefGroup = 3E4B1C6D1BA7A8DD0059268E /* Products */;
			projectDirPath = "";
			projectRoot = "";
			targets = (
				3E4B1C6B1BA7A8DD0059268E /* Assignment1 */,
				3E4B1C801BA7A8DD0059268E /* Assignment1Tests */,
			);
		};
/* End PBXProject section */

/* Begin PBXResourcesBuildPhase section */
		3E4B1C6A1BA7A8DD0059268E /* Resources */ = {
			isa = PBXResourcesBuildPhase;
			buildActionMask = 2147483647;
			files = (
				3E4B1C771BA7A8DD0059268E /* Main.storyboard in Resources */,
				3E4B1C7C1BA7A8DD0059268E /* LaunchScreen.xib in Resources */,
				3E4B1C791BA7A8DD0059268E /* Images.xcassets in Resources */,
			);
			runOnlyForDeploymentPostprocessing = 0;
		};
		3E4B1C7F1BA7A8DD0059268E /* Resources */ = {
			isa = PBXResourcesBuildPhase;
			buildActionMask = 2147483647;
			files = (
			);
			runOnlyForDeploymentPostprocessing = 0;
		};
/* End PBXResourcesBuildPhase section */

/* Begin PBXSourcesBuildPhase section */
		3E4B1C681BA7A8DD0059268E /* Sources */ = {
			isa = PBXSourcesBuildPhase;
			buildActionMask = 2147483647;
			files = (
				3E4B1C741BA7A8DD0059268E /* ViewController.swift in Sources */,
				3E4B1C721BA7A8DD0059268E /* AppDelegate.swift in Sources */,
			);
			runOnlyForDeploymentPostprocessing = 0;
		};
		3E4B1C7D1BA7A8DD0059268E /* Sources */ = {
			isa = PBXSourcesBuildPhase;
			buildActionMask = 2147483647;
			files = (
				3E4B1C881BA7A8DD0059268E /* Assignment1Tests.swift in Sources */,
			);
			runOnlyForDeploymentPostprocessing = 0;
		};
/* End PBXSourcesBuildPhase section */

/* Begin PBXTargetDependency section */
		3E4B1C831BA7A8DD0059268E /* PBXTargetDependency */ = {
			isa = PBXTargetDependency;
			target = 3E4B1C6B1BA7A8DD0059268E /* Assignment1 */;
			targetProxy = 3E4B1C821BA7A8DD0059268E /* PBXContainerItemProxy */;
		};
/* End PBXTargetDependency section */

/* Begin PBXVariantGroup section */
		3E4B1C751BA7A8DD0059268E /* Main.storyboard */ = {
			isa = PBXVariantGroup;
			children = (
				3E4B1C761BA7A8DD0059268E /* Base */,
			);
			name = Main.storyboard;
			sourceTree = "<group>";
		};
		3E4B1C7A1BA7A8DD0059268E /* LaunchScreen.xib */ = {
			isa = PBXVariantGroup;
			children = (
				3E4B1C7B1BA7A8DD0059268E /* Base */,
			);
			name = LaunchScreen.xib;
			sourceTree = "<group>";
		};
/* End PBXVariantGroup section */

/* Begin XCBuildConfiguration section */
		3E4B1C891BA7A8DD0059268E /* Debug */ = {
			isa = XCBuildConfiguration;
			buildSettings = {
				ALWAYS_SEARCH_USER_PATHS = NO;
				CLANG_CXX_LANGUAGE_STANDARD = "gnu++0x";
				CLANG_CXX_LIBRARY = "libc++";
				CLANG_ENABLE_MODULES = YES;
				CLANG_ENABLE_OBJC_ARC = YES;
				CLANG_WARN_BOOL_CONVERSION = YES;
				CLANG_WARN_CONSTANT_CONVERSION = YES;
				CLANG_WARN_DIRECT_OBJC_ISA_USAGE = YES_ERROR;
				CLANG_WARN_EMPTY_BODY = YES;
				CLANG_WARN_ENUM_CONVERSION = YES;
				CLANG_WARN_INT_CONVERSION = YES;
				CLANG_WARN_OBJC_ROOT_CLASS = YES_ERROR;
				CLANG_WARN_UNREACHABLE_CODE = YES;
				CLANG_WARN__DUPLICATE_METHOD_MATCH = YES;
				"CODE_SIGN_IDENTITY[sdk=iphoneos*]" = "iPhone Developer";
				COPY_PHASE_STRIP = NO;
				DEBUG_INFORMATION_FORMAT = "dwarf-with-dsym";
				ENABLE_STRICT_OBJC_MSGSEND = YES;
				GCC_C_LANGUAGE_STANDARD = gnu99;
				GCC_DYNAMIC_NO_PIC = NO;
				GCC_NO_COMMON_BLOCKS = YES;
				GCC_OPTIMIZATION_LEVEL = 0;
				GCC_PREPROCESSOR_DEFINITIONS = (
					"DEBUG=1",
					"$(inherited)",
				);
				GCC_SYMBOLS_PRIVATE_EXTERN = NO;
				GCC_WARN_64_TO_32_BIT_CONVERSION = YES;
				GCC_WARN_ABOUT_RETURN_TYPE = YES_ERROR;
				GCC_WARN_UNDECLARED_SELECTOR = YES;
				GCC_WARN_UNINITIALIZED_AUTOS = YES_AGGRESSIVE;
				GCC_WARN_UNUSED_FUNCTION = YES;
				GCC_WARN_UNUSED_VARIABLE = YES;
				IPHONEOS_DEPLOYMENT_TARGET = 8.3;
				MTL_ENABLE_DEBUG_INFO = YES;
				ONLY_ACTIVE_ARCH = YES;
				SDKROOT = iphoneos;
				SWIFT_OPTIMIZATION_LEVEL = "-Onone";
			};
			name = Debug;
		};
		3E4B1C8A1BA7A8DD0059268E /* Release */ = {
			isa = XCBuildConfiguration;
			buildSettings = {
				ALWAYS_SEARCH_USER_PATHS = NO;
				CLANG_CXX_LANGUAGE_STANDARD = "gnu++0x";
				CLANG_CXX_LIBRARY = "libc++";
				CLANG_ENABLE_MODULES = YES;
				CLANG_ENABLE_OBJC_ARC = YES;
				CLANG_WARN_BOOL_CONVERSION = YES;
				CLANG_WARN_CONSTANT_CONVERSION = YES;
				CLANG_WARN_DIRECT_OBJC_ISA_USAGE = YES_ERROR;
				CLANG_WARN_EMPTY_BODY = YES;
				CLANG_WARN_ENUM_CONVERSION = YES;
				CLANG_WARN_INT_CONVERSION = YES;
				CLANG_WARN_OBJC_ROOT_CLASS = YES_ERROR;
				CLANG_WARN_UNREACHABLE_CODE = YES;
				CLANG_WARN__DUPLICATE_METHOD_MATCH = YES;
				"CODE_SIGN_IDENTITY[sdk=iphoneos*]" = "iPhone Developer";
				COPY_PHASE_STRIP = NO;
				DEBUG_INFORMATION_FORMAT = "dwarf-with-dsym";
				ENABLE_NS_ASSERTIONS = NO;
				ENABLE_STRICT_OBJC_MSGSEND = YES;
				GCC_C_LANGUAGE_STANDARD = gnu99;
				GCC_NO_COMMON_BLOCKS = YES;
				GCC_WARN_64_TO_32_BIT_CONVERSION = YES;
				GCC_WARN_ABOUT_RETURN_TYPE = YES_ERROR;
				GCC_WARN_UNDECLARED_SELECTOR = YES;
				GCC_WARN_UNINITIALIZED_AUTOS = YES_AGGRESSIVE;
				GCC_WARN_UNUSED_FUNCTION = YES;
				GCC_WARN_UNUSED_VARIABLE = YES;
				IPHONEOS_DEPLOYMENT_TARGET = 8.3;
				MTL_ENABLE_DEBUG_INFO = NO;
				SDKROOT = iphoneos;
				VALIDATE_PRODUCT = YES;
			};
			name = Release;
		};
		3E4B1C8C1BA7A8DD0059268E /* Debug */ = {
			isa = XCBuildConfiguration;
			buildSettings = {
				ASSETCATALOG_COMPILER_APPICON_NAME = AppIcon;
				ASSETCATALOG_COMPILER_LAUNCHIMAGE_NAME = LaunchImage;
				CODE_SIGN_IDENTITY = "iPhone Developer";
				INFOPLIST_FILE = Assignment1/Info.plist;
				LD_RUNPATH_SEARCH_PATHS = "$(inherited) @executable_path/Frameworks";
				PRODUCT_NAME = "$(TARGET_NAME)";
			};
			name = Debug;
		};
		3E4B1C8D1BA7A8DD0059268E /* Release */ = {
			isa = XCBuildConfiguration;
			buildSettings = {
				ASSETCATALOG_COMPILER_APPICON_NAME = AppIcon;
				ASSETCATALOG_COMPILER_LAUNCHIMAGE_NAME = LaunchImage;
				CODE_SIGN_IDENTITY = "iPhone Developer";
				INFOPLIST_FILE = Assignment1/Info.plist;
				LD_RUNPATH_SEARCH_PATHS = "$(inherited) @executable_path/Frameworks";
				PRODUCT_NAME = "$(TARGET_NAME)";
			};
			name = Release;
		};
		3E4B1C8F1BA7A8DD0059268E /* Debug */ = {
			isa = XCBuildConfiguration;
			buildSettings = {
				BUNDLE_LOADER = "$(TEST_HOST)";
				FRAMEWORK_SEARCH_PATHS = (
					"$(SDKROOT)/Developer/Library/Frameworks",
					"$(inherited)",
				);
				GCC_PREPROCESSOR_DEFINITIONS = (
					"DEBUG=1",
					"$(inherited)",
				);
				INFOPLIST_FILE = Assignment1Tests/Info.plist;
				LD_RUNPATH_SEARCH_PATHS = "$(inherited) @executable_path/Frameworks @loader_path/Frameworks";
				PRODUCT_NAME = "$(TARGET_NAME)";
				TEST_HOST = "$(BUILT_PRODUCTS_DIR)/Assignment1.app/Assignment1";
			};
			name = Debug;
		};
		3E4B1C901BA7A8DD0059268E /* Release */ = {
			isa = XCBuildConfiguration;
			buildSettings = {
				BUNDLE_LOADER = "$(TEST_HOST)";
				FRAMEWORK_SEARCH_PATHS = (
					"$(SDKROOT)/Developer/Library/Frameworks",
					"$(inherited)",
				);
				INFOPLIST_FILE = Assignment1Tests/Info.plist;
				LD_RUNPATH_SEARCH_PATHS = "$(inherited) @executable_path/Frameworks @loader_path/Frameworks";
				PRODUCT_NAME = "$(TARGET_NAME)";
				TEST_HOST = "$(BUILT_PRODUCTS_DIR)/Assignment1.app/Assignment1";
			};
			name = Release;
		};
/* End XCBuildConfiguration section */

/* Begin XCConfigurationList section */
		3E4B1C671BA7A8DD0059268E /* Build configuration list for PBXProject "Assignment1" */ = {
			isa = XCConfigurationList;
			buildConfigurations = (
				3E4B1C891BA7A8DD0059268E /* Debug */,
				3E4B1C8A1BA7A8DD0059268E /* Release */,
			);
			defaultConfigurationIsVisible = 0;
			defaultConfigurationName = Release;
		};
		3E4B1C8B1BA7A8DD0059268E /* Build configuration list for PBXNativeTarget "Assignment1" */ = {
			isa = XCConfigurationList;
			buildConfigurations = (
				3E4B1C8C1BA7A8DD0059268E /* Debug */,
				3E4B1C8D1BA7A8DD0059268E /* Release */,
			);
			defaultConfigurationIsVisible = 0;
		};
		3E4B1C8E1BA7A8DD0059268E /* Build configuration list for PBXNativeTarget "Assignment1Tests" */ = {
			isa = XCConfigurationList;
			buildConfigurations = (
				3E4B1C8F1BA7A8DD0059268E /* Debug */,
				3E4B1C901BA7A8DD0059268E /* Release */,
			);
			defaultConfigurationIsVisible = 0;
		};
/* End XCConfigurationList section */
	};
	rootObject = 3E4B1C641BA7A8DD0059268E /* Project object */;
}
